{
  "lockfileVersion": 1,
  "workspaces": {
    "": {
      "name": "@blunt/monorepo",
      "devDependencies": {
        "@biomejs/biome": "^2.0.0-beta.5",
        "@types/bun": "^1.2.15",
        "typescript": "^5.8.3",
      },
    },
    "bluntjs": {
      "name": "bluntjs",
      "version": "0.0.2",
      "bin": {
        "bluntjs": "./_cli/bin.ts",
      },
      "dependencies": {
        "arktype": "^2.1.20",
        "bun-plugin-tailwind": "^0.0.15",
        "commander": "^14.0.0",
        "deepmerge": "^4.3.1",
        "lodash.merge": "^4.6.2",
        "ora": "^8.2.0",
      },
      "devDependencies": {
        "@types/bun": "latest",
        "@types/lodash.merge": "^4.6.9",
        "@types/node": "^22.10.2",
        "@types/react": "^19.1.6",
        "@types/react-dom": "^19.1.6",
      },
      "peerDependencies": {
        "react": "^19.1.0",
        "react-dom": "^19.1.0",
        "typescript": "^5",
      },
    },
    "docs": {
      "name": "docs",
      "devDependencies": {
        "@types/bun": "latest",
      },
      "peerDependencies": {
        "typescript": "^5",
      },
    },
  },
  "trustedDependencies": [
    "@biomejs/biome",
  ],
  "packages": {
    "@ark/schema": ["@ark/schema@0.46.0", "", { "dependencies": { "@ark/util": "0.46.0" } }, "sha512-c2UQdKgP2eqqDArfBqQIJppxJHvNNXuQPeuSPlDML4rjw+f1cu0qAlzOG4b8ujgm9ctIDWwhpyw6gjG5ledIVQ=="],

    "@ark/util": ["@ark/util@0.46.0", "", {}, "sha512-JPy/NGWn/lvf1WmGCPw2VGpBg5utZraE84I7wli18EDF3p3zc/e9WolT35tINeZO3l7C77SjqRJeAUoT0CvMRg=="],

    "@biomejs/biome": ["@biomejs/biome@2.0.0-beta.5", "", { "optionalDependencies": { "@biomejs/cli-darwin-arm64": "2.0.0-beta.5", "@biomejs/cli-darwin-x64": "2.0.0-beta.5", "@biomejs/cli-linux-arm64": "2.0.0-beta.5", "@biomejs/cli-linux-arm64-musl": "2.0.0-beta.5", "@biomejs/cli-linux-x64": "2.0.0-beta.5", "@biomejs/cli-linux-x64-musl": "2.0.0-beta.5", "@biomejs/cli-win32-arm64": "2.0.0-beta.5", "@biomejs/cli-win32-x64": "2.0.0-beta.5" }, "bin": { "biome": "bin/biome" } }, "sha512-1ldO4AepieVvg4aLi1ubZkA7NsefQT2UTNssbJbDiQTGem8kCHx/PZCwLxIR6UzFpGIjh0xsDzivyVvhnmqmuA=="],

    "@biomejs/cli-darwin-arm64": ["@biomejs/cli-darwin-arm64@2.0.0-beta.5", "", { "os": "darwin", "cpu": "arm64" }, "sha512-pnJiaoDpwGo+ctGkMu4POcO8jgOgCErBdYbhutr+K9rxxJS+TlHLr0LR91GCEWbGV2O1oyZRFQcW21rYFoak4w=="],

    "@biomejs/cli-darwin-x64": ["@biomejs/cli-darwin-x64@2.0.0-beta.5", "", { "os": "darwin", "cpu": "x64" }, "sha512-WwEZpqcmsNoFpZkUFNQcbZo52WK4hLGQ0vZk3PQ8JlZ55gJsHiyhtv6aem6fVlyVCvZgpsC0sYPLE3VvFVKNAQ=="],

    "@biomejs/cli-linux-arm64": ["@biomejs/cli-linux-arm64@2.0.0-beta.5", "", { "os": "linux", "cpu": "arm64" }, "sha512-lAF1de+Ki0vnq14NwDXouKkAR/iviyMNrUngSHjTGFC4z8XGVEfIw0ZMSm7fAdJZ5fAWodt9HiYmEAVs5EtHQg=="],

    "@biomejs/cli-linux-arm64-musl": ["@biomejs/cli-linux-arm64-musl@2.0.0-beta.5", "", { "os": "linux", "cpu": "arm64" }, "sha512-4vxNkYx1uEt211W8hLdXddc7icRHQgYENb72g6uTd/tLVPSBvIwqUAxAOkU+9Ai1E/8R4sWy7HIxREgpuFgbNA=="],

    "@biomejs/cli-linux-x64": ["@biomejs/cli-linux-x64@2.0.0-beta.5", "", { "os": "linux", "cpu": "x64" }, "sha512-I0Pt1VHeL1mN8G7ZwV2u9AfzBd5ZKfbvHUI4x2wETUZbwcQlAu/nEzEa2LUe5HqSmnctTR36ig7RkkM9qbmIrA=="],

    "@biomejs/cli-linux-x64-musl": ["@biomejs/cli-linux-x64-musl@2.0.0-beta.5", "", { "os": "linux", "cpu": "x64" }, "sha512-nUeKGO517GtRCxziVD9les1HiCs2s2/WIVITMN9+9RRuLOko8r+T77E8ZXEmlfLOfOIOeE6z62WITqei3oNccA=="],

    "@biomejs/cli-win32-arm64": ["@biomejs/cli-win32-arm64@2.0.0-beta.5", "", { "os": "win32", "cpu": "arm64" }, "sha512-YXW6hgbrgBcWQ1SLO69ypWlluPchgQV5C1lTG4xOcBUWdCsfYuQirM64S6Dov7SFPqsMIoFC6LlQRW+n8qAyiA=="],

    "@biomejs/cli-win32-x64": ["@biomejs/cli-win32-x64@2.0.0-beta.5", "", { "os": "win32", "cpu": "x64" }, "sha512-N7Yby52BJmvEdst1iMbclE5hxxefboaXKRJLm1tLfBYr4FeuoCe6j8HdiQSwhCRdIUGFFqBLaDXh//LLF6EReA=="],

    "@types/bun": ["@types/bun@1.2.15", "", { "dependencies": { "bun-types": "1.2.15" } }, "sha512-U1ljPdBEphF0nw1MIk0hI7kPg7dFdPyM7EenHsp6W5loNHl7zqy6JQf/RKCgnUn2KDzUpkBwHPnEJEjII594bA=="],

    "@types/lodash": ["@types/lodash@4.17.17", "", {}, "sha512-RRVJ+J3J+WmyOTqnz3PiBLA501eKwXl2noseKOrNo/6+XEHjTAxO4xHvxQB6QuNm+s4WRbn6rSiap8+EA+ykFQ=="],

    "@types/lodash.merge": ["@types/lodash.merge@4.6.9", "", { "dependencies": { "@types/lodash": "*" } }, "sha512-23sHDPmzd59kUgWyKGiOMO2Qb9YtqRO/x4IhkgNUiPQ1+5MUVqi6bCZeq9nBJ17msjIMbEIO5u+XW4Kz6aGUhQ=="],

    "@types/node": ["@types/node@22.15.29", "", { "dependencies": { "undici-types": "~6.21.0" } }, "sha512-LNdjOkUDlU1RZb8e1kOIUpN1qQUlzGkEtbVNo53vbrwDg5om6oduhm4SiUaPW5ASTXhAiP0jInWG8Qx9fVlOeQ=="],

    "@types/react": ["@types/react@19.1.6", "", { "dependencies": { "csstype": "^3.0.2" } }, "sha512-JeG0rEWak0N6Itr6QUx+X60uQmN+5t3j9r/OVDtWzFXKaj6kD1BwJzOksD0FF6iWxZlbE1kB0q9vtnU2ekqa1Q=="],

    "@types/react-dom": ["@types/react-dom@19.1.6", "", { "peerDependencies": { "@types/react": "^19.0.0" } }, "sha512-4hOiT/dwO8Ko0gV1m/TJZYk3y0KBnY9vzDh7W+DH17b2HFSOGgdj33dhihPeuy3l0q23+4e+hoXHV6hCC4dCXw=="],

    "ansi-regex": ["ansi-regex@6.1.0", "", {}, "sha512-7HSX4QQb4CspciLpVFwyRe79O3xsIZDDLER21kERQ71oaPodF8jL725AgJMFAYbooIqolJoRLuM81SpeUkpkvA=="],

    "arktype": ["arktype@2.1.20", "", { "dependencies": { "@ark/schema": "0.46.0", "@ark/util": "0.46.0" } }, "sha512-IZCEEXaJ8g+Ijd59WtSYwtjnqXiwM8sWQ5EjGamcto7+HVN9eK0C4p0zDlCuAwWhpqr6fIBkxPuYDl4/Mcj/+Q=="],

    "bluntjs": ["bluntjs@workspace:bluntjs"],

    "bun-plugin-tailwind": ["bun-plugin-tailwind@0.0.15", "", { "peerDependencies": { "typescript": "^5.0.0" } }, "sha512-qtAXMNGG4R0UGGI8zWrqm2B7BdXqx48vunJXBPzfDOHPA5WkRUZdTSbE7TFwO4jLhYqSE23YMWsM9NhE6ovobw=="],

    "bun-types": ["bun-types@1.2.15", "", { "dependencies": { "@types/node": "*" } }, "sha512-NarRIaS+iOaQU1JPfyKhZm4AsUOrwUOqRNHY0XxI8GI8jYxiLXLcdjYMG9UKS+fwWasc1uw1htV9AX24dD+p4w=="],

    "chalk": ["chalk@5.4.1", "", {}, "sha512-zgVZuo2WcZgfUEmsn6eO3kINexW8RAE4maiQ8QNs8CtpPCSyMiYsULR3HQYkm3w8FIA3SberyMJMSldGsW+U3w=="],

    "cli-cursor": ["cli-cursor@5.0.0", "", { "dependencies": { "restore-cursor": "^5.0.0" } }, "sha512-aCj4O5wKyszjMmDT4tZj93kxyydN/K5zPWSCe6/0AV/AA1pqe5ZBIw0a2ZfPQV7lL5/yb5HsUreJ6UFAF1tEQw=="],

    "cli-spinners": ["cli-spinners@2.9.2", "", {}, "sha512-ywqV+5MmyL4E7ybXgKys4DugZbX0FC6LnwrhjuykIjnK9k8OQacQ7axGKnjDXWNhns0xot3bZI5h55H8yo9cJg=="],

    "commander": ["commander@14.0.0", "", {}, "sha512-2uM9rYjPvyq39NwLRqaiLtWHyDC1FvryJDa2ATTVims5YAS4PupsEQsDvP14FqhFr0P49CYDugi59xaxJlTXRA=="],

    "csstype": ["csstype@3.1.3", "", {}, "sha512-M1uQkMl8rQK/szD0LNhtqxIPLpimGm8sOBwU7lLnCpSbTyY3yeU1Vc7l4KT5zT4s/yOxHH5O7tIuuLOCnLADRw=="],

    "deepmerge": ["deepmerge@4.3.1", "", {}, "sha512-3sUqbMEc77XqpdNO7FRyRog+eW3ph+GYCbj+rK+uYyRMuwsVy0rMiVtPn+QJlKFvWP/1PYpapqYn0Me2knFn+A=="],

    "docs": ["docs@workspace:docs"],

    "emoji-regex": ["emoji-regex@10.4.0", "", {}, "sha512-EC+0oUMY1Rqm4O6LLrgjtYDvcVYTy7chDnM4Q7030tP4Kwj3u/pR6gP9ygnp2CJMK5Gq+9Q2oqmrFJAz01DXjw=="],

    "get-east-asian-width": ["get-east-asian-width@1.3.0", "", {}, "sha512-vpeMIQKxczTD/0s2CdEWHcb0eeJe6TFjxb+J5xgX7hScxqrGuyjmv4c1D4A/gelKfyox0gJJwIHF+fLjeaM8kQ=="],

    "is-interactive": ["is-interactive@2.0.0", "", {}, "sha512-qP1vozQRI+BMOPcjFzrjXuQvdak2pHNUMZoeG2eRbiSqyvbEf/wQtEOTOX1guk6E3t36RkaqiSt8A/6YElNxLQ=="],

    "is-unicode-supported": ["is-unicode-supported@2.1.0", "", {}, "sha512-mE00Gnza5EEB3Ds0HfMyllZzbBrmLOX3vfWoj9A9PEnTfratQ/BcaJOuMhnkhjXvb2+FkY3VuHqtAGpTPmglFQ=="],

    "lodash.merge": ["lodash.merge@4.6.2", "", {}, "sha512-0KpjqXRVvrYyCsX1swR/XTK0va6VQkQM6MNo7PqW77ByjAhoARA8EfrP1N4+KlKj8YS0ZUCtRT/YUuhyYDujIQ=="],

    "log-symbols": ["log-symbols@6.0.0", "", { "dependencies": { "chalk": "^5.3.0", "is-unicode-supported": "^1.3.0" } }, "sha512-i24m8rpwhmPIS4zscNzK6MSEhk0DUWa/8iYQWxhffV8jkI4Phvs3F+quL5xvS0gdQR0FyTCMMH33Y78dDTzzIw=="],

    "mimic-function": ["mimic-function@5.0.1", "", {}, "sha512-VP79XUPxV2CigYP3jWwAUFSku2aKqBH7uTAapFWCBqutsbmDo96KY5o8uh6U+/YSIn5OxJnXp73beVkpqMIGhA=="],

    "onetime": ["onetime@7.0.0", "", { "dependencies": { "mimic-function": "^5.0.0" } }, "sha512-VXJjc87FScF88uafS3JllDgvAm+c/Slfz06lorj2uAY34rlUu0Nt+v8wreiImcrgAjjIHp1rXpTDlLOGw29WwQ=="],

    "ora": ["ora@8.2.0", "", { "dependencies": { "chalk": "^5.3.0", "cli-cursor": "^5.0.0", "cli-spinners": "^2.9.2", "is-interactive": "^2.0.0", "is-unicode-supported": "^2.0.0", "log-symbols": "^6.0.0", "stdin-discarder": "^0.2.2", "string-width": "^7.2.0", "strip-ansi": "^7.1.0" } }, "sha512-weP+BZ8MVNnlCm8c0Qdc1WSWq4Qn7I+9CJGm7Qali6g44e/PUzbjNqJX5NJ9ljlNMosfJvg1fKEGILklK9cwnw=="],

    "react": ["react@19.1.0", "", {}, "sha512-FS+XFBNvn3GTAWq26joslQgWNoFu08F4kl0J4CgdNKADkdSGXQyTCnKteIAJy96Br6YbpEU1LSzV5dYtjMkMDg=="],

    "react-dom": ["react-dom@19.1.0", "", { "dependencies": { "scheduler": "^0.26.0" }, "peerDependencies": { "react": "^19.1.0" } }, "sha512-Xs1hdnE+DyKgeHJeJznQmYMIBG3TKIHJJT95Q58nHLSrElKlGQqDTR2HQ9fx5CN/Gk6Vh/kupBTDLU11/nDk/g=="],

    "restore-cursor": ["restore-cursor@5.1.0", "", { "dependencies": { "onetime": "^7.0.0", "signal-exit": "^4.1.0" } }, "sha512-oMA2dcrw6u0YfxJQXm342bFKX/E4sG9rbTzO9ptUcR/e8A33cHuvStiYOwH7fszkZlZ1z/ta9AAoPk2F4qIOHA=="],

    "scheduler": ["scheduler@0.26.0", "", {}, "sha512-NlHwttCI/l5gCPR3D1nNXtWABUmBwvZpEQiD4IXSbIDq8BzLIK/7Ir5gTFSGZDUu37K5cMNp0hFtzO38sC7gWA=="],

    "signal-exit": ["signal-exit@4.1.0", "", {}, "sha512-bzyZ1e88w9O1iNJbKnOlvYTrWPDl46O1bG0D3XInv+9tkPrxrN8jUUTiFlDkkmKWgn1M6CfIA13SuGqOa9Korw=="],

    "stdin-discarder": ["stdin-discarder@0.2.2", "", {}, "sha512-UhDfHmA92YAlNnCfhmq0VeNL5bDbiZGg7sZ2IvPsXubGkiNa9EC+tUTsjBRsYUAz87btI6/1wf4XoVvQ3uRnmQ=="],

    "string-width": ["string-width@7.2.0", "", { "dependencies": { "emoji-regex": "^10.3.0", "get-east-asian-width": "^1.0.0", "strip-ansi": "^7.1.0" } }, "sha512-tsaTIkKW9b4N+AEj+SVA+WhJzV7/zMhcSu78mLKWSk7cXMOSHsBKFWUs0fWwq8QyK3MgJBQRX6Gbi4kYbdvGkQ=="],

    "strip-ansi": ["strip-ansi@7.1.0", "", { "dependencies": { "ansi-regex": "^6.0.1" } }, "sha512-iq6eVVI64nQQTRYq2KtEg2d2uU7LElhTJwsH4YzIHZshxlgZms/wIc4VoDQTlG/IvVIrBKG06CrZnp0qv7hkcQ=="],

    "typescript": ["typescript@5.8.3", "", { "bin": { "tsc": "bin/tsc", "tsserver": "bin/tsserver" } }, "sha512-p1diW6TqL9L07nNxvRMM7hMMw4c5XOo/1ibL4aAIGmSAt9slTE1Xgw5KWuof2uTOvCg9BY7ZRi+GaF+7sfgPeQ=="],

    "undici-types": ["undici-types@6.21.0", "", {}, "sha512-iwDZqg0QAGrg9Rav5H4n0M64c3mkR59cJ6wQp+7C4nI0gsmExaedaYLNO44eT4AtBBwjbTiGPMlt2Md0T9H9JQ=="],

    "log-symbols/is-unicode-supported": ["is-unicode-supported@1.3.0", "", {}, "sha512-43r2mRvz+8JRIKnWJ+3j8JtjRKZ6GmjzfaE/qiBJnikNnYv/6bagRJ1kUhNk8R5EX/GkobD+r+sfxCPJsiKBLQ=="],
  }
}
