{
  "lockfileVersion": 1,
  "workspaces": {
    "": {
      "name": "@blunt/monorepo",
      "devDependencies": {
        "@biomejs/biome": "^2.0.0-beta.1",
        "@types/bun": "^1.2.6",
        "typescript": "^5.8.2",
      },
    },
    "blunt": {
      "name": "blunt",
      "devDependencies": {
        "@types/bun": "latest",
      },
      "peerDependencies": {
        "typescript": "^5",
      },
    },
    "docs": {
      "name": "docs",
      "devDependencies": {
        "@types/bun": "latest",
      },
      "peerDependencies": {
        "typescript": "^5",
      },
    },
    "examples/tasks-app": {
      "name": "tasks-app",
      "version": "0.1.0",
      "dependencies": {
        "add": "^2.0.6",
        "bun": "^1.2.6",
        "bun-plugin-tailwind": "^0.0.15",
        "clsx": "^2.1.1",
        "react": "^19.0.0",
        "react-dom": "^19.0.0",
        "react-icons": "^5.5.0",
        "tailwind-merge": "^3.0.2",
        "tailwindcss": "^4.0.16",
      },
      "devDependencies": {
        "@types/bun": "^1.2.6",
        "@types/react": "^19.0.12",
        "@types/react-dom": "^19.0.4",
      },
    },
  },
  "trustedDependencies": [
    "@biomejs/biome",
  ],
  "packages": {
    "@biomejs/biome": ["@biomejs/biome@2.0.0-beta.1", "", { "optionalDependencies": { "@biomejs/cli-darwin-arm64": "2.0.0-beta.1", "@biomejs/cli-darwin-x64": "2.0.0-beta.1", "@biomejs/cli-linux-arm64": "2.0.0-beta.1", "@biomejs/cli-linux-arm64-musl": "2.0.0-beta.1", "@biomejs/cli-linux-x64": "2.0.0-beta.1", "@biomejs/cli-linux-x64-musl": "2.0.0-beta.1", "@biomejs/cli-win32-arm64": "2.0.0-beta.1", "@biomejs/cli-win32-x64": "2.0.0-beta.1" }, "bin": { "biome": "bin/biome" } }, "sha512-MqRoy9CbTkrS45zW+S4u8p4kQUIFx0mGUWi789W1R3b1kXYIudEqsTKgXKtTGsI0kWOlvnjuKqwTrabjaGchhQ=="],

    "@biomejs/cli-darwin-arm64": ["@biomejs/cli-darwin-arm64@2.0.0-beta.1", "", { "os": "darwin", "cpu": "arm64" }, "sha512-RaGmpNLl5NFooXaoCwvgvcuU6Am/rMZ3R48pQeCVxjrCcz1BIlKLTai5UosiedazW7JbXAvgXdSNizYG7ITlAQ=="],

    "@biomejs/cli-darwin-x64": ["@biomejs/cli-darwin-x64@2.0.0-beta.1", "", { "os": "darwin", "cpu": "x64" }, "sha512-sTzSshkne7HKZFNfiIhmAji7gjtCBXvkTujZELCZWIZC7oj1Tjw/gvAzbdFj2UyHd5/i90pND4ybFOLQZm9gpg=="],

    "@biomejs/cli-linux-arm64": ["@biomejs/cli-linux-arm64@2.0.0-beta.1", "", { "os": "linux", "cpu": "arm64" }, "sha512-bxce2O4nooBmp20Ey0+IFIZyy/b0RVnciIQk9euCfAi9evq7SvFtMBYo3YUZej0KIvrau5H7tJk5OqmRJk2l+g=="],

    "@biomejs/cli-linux-arm64-musl": ["@biomejs/cli-linux-arm64-musl@2.0.0-beta.1", "", { "os": "linux", "cpu": "arm64" }, "sha512-0MPUKzz9uBBxAYSJ+OlFi4+yGwiRcZeFqq39H0MxXCQ9MMpKJFH2Ek72fw8sXwG7Prn7EsW/3u1b7najyn1XGQ=="],

    "@biomejs/cli-linux-x64": ["@biomejs/cli-linux-x64@2.0.0-beta.1", "", { "os": "linux", "cpu": "x64" }, "sha512-6P/AtJv4hOH8mu8ez0c4UInUpiet9NEoF25+O7OPyb4w6ZHJMp2qzvayJS7TKrTQzE5KUvSiNsACGRz34DzUkg=="],

    "@biomejs/cli-linux-x64-musl": ["@biomejs/cli-linux-x64-musl@2.0.0-beta.1", "", { "os": "linux", "cpu": "x64" }, "sha512-dFvisnP1hFpVILNw0PZfs8piBwe8+aykO04Tb/4AJDVVzKkGgJfwSefwo4jqzO/Wk/Zruvhcp1nKbjgRXM+vDg=="],

    "@biomejs/cli-win32-arm64": ["@biomejs/cli-win32-arm64@2.0.0-beta.1", "", { "os": "win32", "cpu": "arm64" }, "sha512-0C9YSqWHf2cJGnjKDbLi49xv6H9IfqbDsFav7X557PqwY64O6IKWqcmZzi/PkDFHjQM9opU6uhKapeGKGDxziQ=="],

    "@biomejs/cli-win32-x64": ["@biomejs/cli-win32-x64@2.0.0-beta.1", "", { "os": "win32", "cpu": "x64" }, "sha512-o8W6+DX0YRjt1kS8Y3ismq6EkjwiVDv7X0TEpfnFywoVG8HoJ7G7/m9r8LM1yE46WI3maPH2A0MoVpQ1ZNG++A=="],

    "@oven/bun-darwin-aarch64": ["@oven/bun-darwin-aarch64@1.2.6", "", { "os": "darwin", "cpu": "arm64" }, "sha512-nhBuCgiYO+JpWwodRh4QpAYSLG7ZvpETiz3l5AqQMtBeZnUXzfnpa03cNr3eOBn3sBF9ep85KzLtN8MlE3TARw=="],

    "@oven/bun-darwin-x64": ["@oven/bun-darwin-x64@1.2.6", "", { "os": "darwin", "cpu": "x64" }, "sha512-+O7oTuH+iFdvH80q5Trrj6qqpzc12F1VTgJTicXvYDT0gvMOHHSkkuLXBDlaxVhYZTe4UX453nX2KlxE+K8dKQ=="],

    "@oven/bun-darwin-x64-baseline": ["@oven/bun-darwin-x64-baseline@1.2.6", "", { "os": "darwin", "cpu": "x64" }, "sha512-t2FSKWHmgoqbAw/d+wy8eiSYuvTiaq9QhtYQepwcAlNRuGJ05f5Ew3MLpPqczolovAOAy3I+QXo7r9zPQFRM5w=="],

    "@oven/bun-linux-aarch64": ["@oven/bun-linux-aarch64@1.2.6", "", { "os": "linux", "cpu": "arm64" }, "sha512-PcvQn3WFNr496rg/DnIMlw1v/4LkiPDm7UMqxRmP+dMHHH/zs4Xh/iOSiELJ0kxvBP5obhiaewi6PHDYI0vROA=="],

    "@oven/bun-linux-aarch64-musl": ["@oven/bun-linux-aarch64-musl@1.2.6", "", { "os": "linux", "cpu": "none" }, "sha512-731vpVFMVo3EKxv8duT6lywU14nLVKKqCmdTL8LxaogbHiZSjXVuMdX7QUdABsXBw1ThzzT8bLJRagIQOB8U4Q=="],

    "@oven/bun-linux-x64": ["@oven/bun-linux-x64@1.2.6", "", { "os": "linux", "cpu": "x64" }, "sha512-s2r5bBzLVWE35AdS9P7j4xH4aOnaZ5/wPY+eWtsrcpWDA8SAQPzVifLk1A/fisNTWiPHg4GqhlT5ID/btwvEvg=="],

    "@oven/bun-linux-x64-baseline": ["@oven/bun-linux-x64-baseline@1.2.6", "", { "os": "linux", "cpu": "x64" }, "sha512-l9CMf4Z+GHP6WK00sl1+KyqukIEz1dYBhSlZgympKUSfg9s0GACsFaLb+ED2Uo4rP5wU51Tin7iFOMeE1FSEGg=="],

    "@oven/bun-linux-x64-musl": ["@oven/bun-linux-x64-musl@1.2.6", "", { "os": "linux", "cpu": "x64" }, "sha512-NIamulIWb11m/tqM/W4gYaA8J1PTWASbfawbeOG95Y5Qp3VQS9sTW6LX8kLoU3nADRLoA0Ic/mxLu1VVlnFLOA=="],

    "@oven/bun-linux-x64-musl-baseline": ["@oven/bun-linux-x64-musl-baseline@1.2.6", "", { "os": "linux", "cpu": "x64" }, "sha512-zaxVTK6yuqhTFBoaZrjGZWARrKopcEVw1yauvY8qtGczs4Zk4lPeRZ1hEsrgpTXD92w1GFHxvRw76QKafUvHvg=="],

    "@oven/bun-windows-x64": ["@oven/bun-windows-x64@1.2.6", "", { "os": "win32", "cpu": "x64" }, "sha512-4QUID8i+0yrpkqi81axd42/fQAA5BpZ/9JgUg5IZwrULHyLAkKa7TUiXKJkRDbLRe9FtDyux0pubzCJQZ6fYuQ=="],

    "@oven/bun-windows-x64-baseline": ["@oven/bun-windows-x64-baseline@1.2.6", "", { "os": "win32", "cpu": "x64" }, "sha512-wFlZzGcBs6laNc0fBi2lGKta5+2JVlaqzkX4jLR9/59bR8dKRqUk+jy0vsoQTtSMRPdxNpUThnjpIG0U7u2zWA=="],

    "@types/bun": ["@types/bun@1.2.6", "", { "dependencies": { "bun-types": "1.2.6" } }, "sha512-fY9CAmTdJH1Llx7rugB0FpgWK2RKuHCs3g2cFDYXUutIy1QGiPQxKkGY8owhfZ4MXWNfxwIbQLChgH5gDsY7vw=="],

    "@types/node": ["@types/node@22.13.13", "", { "dependencies": { "undici-types": "~6.20.0" } }, "sha512-ClsL5nMwKaBRwPcCvH8E7+nU4GxHVx1axNvMZTFHMEfNI7oahimt26P5zjVCRrjiIWj6YFXfE1v3dEp94wLcGQ=="],

    "@types/react": ["@types/react@19.0.12", "", { "dependencies": { "csstype": "^3.0.2" } }, "sha512-V6Ar115dBDrjbtXSrS+/Oruobc+qVbbUxDFC1RSbRqLt5SYvxxyIDrSC85RWml54g+jfNeEMZhEj7wW07ONQhA=="],

    "@types/react-dom": ["@types/react-dom@19.0.4", "", { "peerDependencies": { "@types/react": "^19.0.0" } }, "sha512-4fSQ8vWFkg+TGhePfUzVmat3eC14TXYSsiiDSLI0dVLsrm9gZFABjPy/Qu6TKgl1tq1Bu1yDsuQgY3A3DOjCcg=="],

    "@types/ws": ["@types/ws@8.5.14", "", { "dependencies": { "@types/node": "*" } }, "sha512-bd/YFLW+URhBzMXurx7lWByOu+xzU9+kb3RboOteXYDfW+tr+JZa99OyNmPINEGB/ahzKrEuc8rcv4gnpJmxTw=="],

    "add": ["add@2.0.6", "", {}, "sha512-j5QzrmsokwWWp6kUcJQySpbG+xfOBqqKnup3OIk1pz+kB/80SLorZ9V8zHFLO92Lcd+hbvq8bT+zOGoPkmBV0Q=="],

    "blunt": ["blunt@workspace:blunt"],

    "bun": ["bun@1.2.6", "", { "optionalDependencies": { "@oven/bun-darwin-aarch64": "1.2.6", "@oven/bun-darwin-x64": "1.2.6", "@oven/bun-darwin-x64-baseline": "1.2.6", "@oven/bun-linux-aarch64": "1.2.6", "@oven/bun-linux-aarch64-musl": "1.2.6", "@oven/bun-linux-x64": "1.2.6", "@oven/bun-linux-x64-baseline": "1.2.6", "@oven/bun-linux-x64-musl": "1.2.6", "@oven/bun-linux-x64-musl-baseline": "1.2.6", "@oven/bun-windows-x64": "1.2.6", "@oven/bun-windows-x64-baseline": "1.2.6" }, "os": [ "linux", "win32", "darwin", ], "cpu": [ "x64", "arm64", ], "bin": { "bun": "bin/bun.exe", "bunx": "bin/bun.exe" } }, "sha512-v0G1dOS5ALc4laomafP2h/PjO9qLF7mwzXySo3VJFiX2Ty70WmPjuGRNGdk65Djk0u3ahpFTtCrzsgIj/NDOiw=="],

    "bun-plugin-tailwind": ["bun-plugin-tailwind@0.0.15", "", { "peerDependencies": { "typescript": "^5.0.0" } }, "sha512-qtAXMNGG4R0UGGI8zWrqm2B7BdXqx48vunJXBPzfDOHPA5WkRUZdTSbE7TFwO4jLhYqSE23YMWsM9NhE6ovobw=="],

    "bun-types": ["bun-types@1.2.6", "", { "dependencies": { "@types/node": "*", "@types/ws": "~8.5.10" } }, "sha512-FbCKyr5KDiPULUzN/nm5oqQs9nXCHD8dVc64BArxJadCvbNzAI6lUWGh9fSJZWeDIRD38ikceBU8Kj/Uh+53oQ=="],

    "clsx": ["clsx@2.1.1", "", {}, "sha512-eYm0QWBtUrBWZWG0d386OGAw16Z995PiOVo2B7bjWSbHedGl5e0ZWaq65kOGgUSNesEIDkB9ISbTg/JK9dhCZA=="],

    "csstype": ["csstype@3.1.3", "", {}, "sha512-M1uQkMl8rQK/szD0LNhtqxIPLpimGm8sOBwU7lLnCpSbTyY3yeU1Vc7l4KT5zT4s/yOxHH5O7tIuuLOCnLADRw=="],

    "docs": ["docs@workspace:docs"],

    "react": ["react@19.0.0", "", {}, "sha512-V8AVnmPIICiWpGfm6GLzCR/W5FXLchHop40W4nXBmdlEceh16rCN8O8LNWm5bh5XUX91fh7KpA+W0TgMKmgTpQ=="],

    "react-dom": ["react-dom@19.0.0", "", { "dependencies": { "scheduler": "^0.25.0" }, "peerDependencies": { "react": "^19.0.0" } }, "sha512-4GV5sHFG0e/0AD4X+ySy6UJd3jVl1iNsNHdpad0qhABJ11twS3TTBnseqsKurKcsNqCEFeGL3uLpVChpIO3QfQ=="],

    "react-icons": ["react-icons@5.5.0", "", { "peerDependencies": { "react": "*" } }, "sha512-MEFcXdkP3dLo8uumGI5xN3lDFNsRtrjbOEKDLD7yv76v4wpnEq2Lt2qeHaQOr34I/wPN3s3+N08WkQ+CW37Xiw=="],

    "scheduler": ["scheduler@0.25.0", "", {}, "sha512-xFVuu11jh+xcO7JOAGJNOXld8/TcEHK/4CituBUeUb5hqxJLj9YuemAEuvm9gQ/+pgXYfbQuqAkiYu+u7YEsNA=="],

    "tailwind-merge": ["tailwind-merge@3.0.2", "", {}, "sha512-l7z+OYZ7mu3DTqrL88RiKrKIqO3NcpEO8V/Od04bNpvk0kiIFndGEoqfuzvj4yuhRkHKjRkII2z+KS2HfPcSxw=="],

    "tailwindcss": ["tailwindcss@4.0.16", "", {}, "sha512-i/SbG7ThTIcLshcFJL+je7hCv9dPis4Xl4XNeel6iZNX42pp/BZ+la+SbZIPoYE+PN8zhKbnHblpQ/lhOWwIeQ=="],

    "tasks-app": ["tasks-app@workspace:examples/tasks-app"],

    "typescript": ["typescript@5.8.2", "", { "bin": { "tsc": "bin/tsc", "tsserver": "bin/tsserver" } }, "sha512-aJn6wq13/afZp/jT9QZmwEjDqqvSGp1VT5GVg+f/t6/oVyrgXM6BY1h9BRh/O5p3PlUPAe+WuiEZOmb/49RqoQ=="],

    "undici-types": ["undici-types@6.20.0", "", {}, "sha512-Ny6QZ2Nju20vw1SRHe3d9jVu6gJ+4e3+MMpqu7pqE5HT6WsTSlce++GQmK5UXS8mzV8DSYHrQH+Xrf2jVcuKNg=="],

    "blunt/@types/bun": ["@types/bun@1.2.8", "", { "dependencies": { "bun-types": "1.2.7" } }, "sha512-t8L1RvJVUghW5V+M/fL3Thbxcs0HwNsXsnTEBEfEVqGteiJToOlZ/fyOEaR1kZsNqnu+3XA4RI/qmnX4w6+S+w=="],

    "docs/@types/bun": ["@types/bun@1.2.8", "", { "dependencies": { "bun-types": "1.2.7" } }, "sha512-t8L1RvJVUghW5V+M/fL3Thbxcs0HwNsXsnTEBEfEVqGteiJToOlZ/fyOEaR1kZsNqnu+3XA4RI/qmnX4w6+S+w=="],

    "tasks-app/@types/bun": ["@types/bun@1.2.8", "", { "dependencies": { "bun-types": "1.2.7" } }, "sha512-t8L1RvJVUghW5V+M/fL3Thbxcs0HwNsXsnTEBEfEVqGteiJToOlZ/fyOEaR1kZsNqnu+3XA4RI/qmnX4w6+S+w=="],

    "blunt/@types/bun/bun-types": ["bun-types@1.2.7", "", { "dependencies": { "@types/node": "*", "@types/ws": "*" } }, "sha512-P4hHhk7kjF99acXqKvltyuMQ2kf/rzIw3ylEDpCxDS9Xa0X0Yp/gJu/vDCucmWpiur5qJ0lwB2bWzOXa2GlHqA=="],

    "docs/@types/bun/bun-types": ["bun-types@1.2.7", "", { "dependencies": { "@types/node": "*", "@types/ws": "*" } }, "sha512-P4hHhk7kjF99acXqKvltyuMQ2kf/rzIw3ylEDpCxDS9Xa0X0Yp/gJu/vDCucmWpiur5qJ0lwB2bWzOXa2GlHqA=="],

    "tasks-app/@types/bun/bun-types": ["bun-types@1.2.7", "", { "dependencies": { "@types/node": "*", "@types/ws": "*" } }, "sha512-P4hHhk7kjF99acXqKvltyuMQ2kf/rzIw3ylEDpCxDS9Xa0X0Yp/gJu/vDCucmWpiur5qJ0lwB2bWzOXa2GlHqA=="],
  }
}
